PODS:
  - ActionSheetPicker-3.0 (2.2.0)
  - IQKeyboardManagerSwift (4.0.9)
  - PureLayout (3.0.2)
  - SkyFloatingLabelTextField (3.0.0)
  - SVProgressHUD (2.1.2)

DEPENDENCIES:
  - ActionSheetPicker-3.0
  - IQKeyboardManagerSwift
  - PureLayout
  - SkyFloatingLabelTextField (~> 3.0)
  - SVProgressHUD

SPEC CHECKSUMS:
  ActionSheetPicker-3.0: d11a4c12c6aaf704b8a3f56d179198c99f3e41e6
  IQKeyboardManagerSwift: 2eefe6c429b86aa08bfbc1b5c891164d754adf91
  PureLayout: 4d550abe49a94f24c2808b9b95db9131685fe4cd
  SkyFloatingLabelTextField: 35bc0c2653ad73c5fd8b7a34cfedf09c94367a1a
  SVProgressHUD: c404a55d78acbeb7ebb78b76d3faf986475a6994

PODFILE CHECKSUM: f1a168d451e8893783e73b9e6b0b9c2991077578

COCOAPODS: 1.2.1
